
Microsoft Visual Studio Solution File, Format Version 12.00
# Visual Studio Version 16
VisualStudioVersion = 16.0.31702.278
MinimumVisualStudioVersion = 10.0.40219.1
Project("{FAE04EC0-301F-11D3-BF4B-00C04F79EFBC}") = "DoAn", "DoAn\DoAn.csproj", "{D350DC1F-7F5C-4196-A9F7-A5186CD637F7}"
EndProject
Global
	GlobalSection(SolutionConfigurationPlatforms) = preSolution
		Debug|Any CPU = Debug|Any CPU
		Release|Any CPU = Release|Any CPU
	EndGlobalSection
	GlobalSection(ProjectConfigurationPlatforms) = postSolution
		{D350DC1F-7F5C-4196-A9F7-A5186CD637F7}.Debug|Any CPU.ActiveCfg = Debug|Any CPU
		{D350DC1F-7F5C-4196-A9F7-A5186CD637F7}.Debug|Any CPU.Build.0 = Debug|Any CPU
		{D350DC1F-7F5C-4196-A9F7-A5186CD637F7}.Release|Any CPU.ActiveCfg = Release|Any CPU
		{D350DC1F-7F5C-4196-A9F7-A5186CD637F7}.Release|Any CPU.Build.0 = Release|Any CPU
	EndGlobalSection
	GlobalSection(SolutionProperties) = preSolution
		HideSolutionNode = FALSE
	EndGlobalSection
	GlobalSection(ExtensibilityGlobals) = postSolution
		SolutionGuid = {5AA9703D-CB63-4ED2-80C1-158F72870DF8}
	EndGlobalSection
EndGlobal
